// !$*UTF8*$!
{
	archiveVersion = 1;
	classes = {
	};
	objectVersion = 46;
	objects = {

/* Begin PBXBuildFile section */
		6F63A2C11B35179B00C578DF /* WebViewController.swift in Sources */ = {isa = PBXBuildFile; fileRef = 6F63A2C01B35179B00C578DF /* WebViewController.swift */; };
		6F9945281B3170F90053D52B /* AppDelegate.swift in Sources */ = {isa = PBXBuildFile; fileRef = 6F9945271B3170F90053D52B /* AppDelegate.swift */; };
		6F99452B1B3170F90053D52B /* self_promotion.xcdatamodeld in Sources */ = {isa = PBXBuildFile; fileRef = 6F9945291B3170F90053D52B /* self_promotion.xcdatamodeld */; };
		6F99452D1B3170F90053D52B /* ViewController.swift in Sources */ = {isa = PBXBuildFile; fileRef = 6F99452C1B3170F90053D52B /* ViewController.swift */; };
		6F9945301B3170F90053D52B /* Main.storyboard in Resources */ = {isa = PBXBuildFile; fileRef = 6F99452E1B3170F90053D52B /* Main.storyboard */; };
		6F9945321B3170F90053D52B /* Images.xcassets in Resources */ = {isa = PBXBuildFile; fileRef = 6F9945311B3170F90053D52B /* Images.xcassets */; };
		6F9945351B3170F90053D52B /* LaunchScreen.xib in Resources */ = {isa = PBXBuildFile; fileRef = 6F9945331B3170F90053D52B /* LaunchScreen.xib */; };
		6F9945411B3170F90053D52B /* self_promotionTests.swift in Sources */ = {isa = PBXBuildFile; fileRef = 6F9945401B3170F90053D52B /* self_promotionTests.swift */; };
		6F99454B1B32564A0053D52B /* kssweetheavycalligraphy.ttf in Resources */ = {isa = PBXBuildFile; fileRef = 6F99454A1B32564A0053D52B /* kssweetheavycalligraphy.ttf */; };
		6F99454D1B32565C0053D52B /* nicomoji-plus_v0.9.ttf in Resources */ = {isa = PBXBuildFile; fileRef = 6F99454C1B32565C0053D52B /* nicomoji-plus_v0.9.ttf */; };
		6F99454F1B3262100053D52B /* koshiba.jpg in Resources */ = {isa = PBXBuildFile; fileRef = 6F99454E1B3262100053D52B /* koshiba.jpg */; };
		6F9945511B33A93F0053D52B /* font_1_honokamarugo_1.1.ttf in Resources */ = {isa = PBXBuildFile; fileRef = 6F9945501B33A93F0053D52B /* font_1_honokamarugo_1.1.ttf */; };
		6F9945531B33B8E00053D52B /* lit1.jpg in Resources */ = {isa = PBXBuildFile; fileRef = 6F9945521B33B8E00053D52B /* lit1.jpg */; };
		6F9945551B33C59F0053D52B /* AromaShooterWhite.png in Resources */ = {isa = PBXBuildFile; fileRef = 6F9945541B33C59F0053D52B /* AromaShooterWhite.png */; };
		6F9945751B33DDE90053D52B /* AsyncButton.swift in Sources */ = {isa = PBXBuildFile; fileRef = 6F9945571B33DDE90053D52B /* AsyncButton.swift */; };
		6F9945761B33DDE90053D52B /* AsyncImageView.swift in Sources */ = {isa = PBXBuildFile; fileRef = 6F9945581B33DDE90053D52B /* AsyncImageView.swift */; };
		6F9945771B33DDE90053D52B /* AutoTextView.swift in Sources */ = {isa = PBXBuildFile; fileRef = 6F9945591B33DDE90053D52B /* AutoTextView.swift */; };
		6F9945781B33DDE90053D52B /* BlurView.swift in Sources */ = {isa = PBXBuildFile; fileRef = 6F99455A1B33DDE90053D52B /* BlurView.swift */; };
		6F9945791B33DDE90053D52B /* DesignableButton.swift in Sources */ = {isa = PBXBuildFile; fileRef = 6F99455B1B33DDE90053D52B /* DesignableButton.swift */; };
		6F99457A1B33DDE90053D52B /* DesignableImageView.swift in Sources */ = {isa = PBXBuildFile; fileRef = 6F99455C1B33DDE90053D52B /* DesignableImageView.swift */; };
		6F99457B1B33DDE90053D52B /* DesignableLabel.swift in Sources */ = {isa = PBXBuildFile; fileRef = 6F99455D1B33DDE90053D52B /* DesignableLabel.swift */; };
		6F99457C1B33DDE90053D52B /* DesignableTabBarController.swift in Sources */ = {isa = PBXBuildFile; fileRef = 6F99455E1B33DDE90053D52B /* DesignableTabBarController.swift */; };
		6F99457D1B33DDE90053D52B /* DesignableTextField.swift in Sources */ = {isa = PBXBuildFile; fileRef = 6F99455F1B33DDE90053D52B /* DesignableTextField.swift */; };
		6F99457E1B33DDE90053D52B /* DesignableTextView.swift in Sources */ = {isa = PBXBuildFile; fileRef = 6F9945601B33DDE90053D52B /* DesignableTextView.swift */; };
		6F99457F1B33DDE90053D52B /* DesignableView.swift in Sources */ = {isa = PBXBuildFile; fileRef = 6F9945611B33DDE90053D52B /* DesignableView.swift */; };
		6F9945801B33DDE90053D52B /* ImageLoader.swift in Sources */ = {isa = PBXBuildFile; fileRef = 6F9945621B33DDE90053D52B /* ImageLoader.swift */; };
		6F9945811B33DDE90053D52B /* Info.plist in Resources */ = {isa = PBXBuildFile; fileRef = 6F9945631B33DDE90053D52B /* Info.plist */; };
		6F9945821B33DDE90053D52B /* KeyboardLayoutConstraint.swift in Sources */ = {isa = PBXBuildFile; fileRef = 6F9945641B33DDE90053D52B /* KeyboardLayoutConstraint.swift */; };
		6F9945831B33DDE90053D52B /* LoadingView.swift in Sources */ = {isa = PBXBuildFile; fileRef = 6F9945651B33DDE90053D52B /* LoadingView.swift */; };
		6F9945841B33DDE90053D52B /* LoadingView.xib in Resources */ = {isa = PBXBuildFile; fileRef = 6F9945661B33DDE90053D52B /* LoadingView.xib */; };
		6F9945851B33DDE90053D52B /* Misc.swift in Sources */ = {isa = PBXBuildFile; fileRef = 6F9945671B33DDE90053D52B /* Misc.swift */; };
		6F9945861B33DDE90053D52B /* SoundPlayer.swift in Sources */ = {isa = PBXBuildFile; fileRef = 6F9945681B33DDE90053D52B /* SoundPlayer.swift */; };
		6F9945871B33DDE90053D52B /* Spring.swift in Sources */ = {isa = PBXBuildFile; fileRef = 6F99456A1B33DDE90053D52B /* Spring.swift */; };
		6F9945881B33DDE90053D52B /* SpringAnimation.swift in Sources */ = {isa = PBXBuildFile; fileRef = 6F99456B1B33DDE90053D52B /* SpringAnimation.swift */; };
		6F9945891B33DDE90053D52B /* SpringButton.swift in Sources */ = {isa = PBXBuildFile; fileRef = 6F99456C1B33DDE90053D52B /* SpringButton.swift */; };
		6F99458A1B33DDE90053D52B /* SpringImageView.swift in Sources */ = {isa = PBXBuildFile; fileRef = 6F99456D1B33DDE90053D52B /* SpringImageView.swift */; };
		6F99458B1B33DDE90053D52B /* SpringLabel.swift in Sources */ = {isa = PBXBuildFile; fileRef = 6F99456E1B33DDE90053D52B /* SpringLabel.swift */; };
		6F99458C1B33DDE90053D52B /* SpringTextField.swift in Sources */ = {isa = PBXBuildFile; fileRef = 6F99456F1B33DDE90053D52B /* SpringTextField.swift */; };
		6F99458D1B33DDE90053D52B /* SpringTextView.swift in Sources */ = {isa = PBXBuildFile; fileRef = 6F9945701B33DDE90053D52B /* SpringTextView.swift */; };
		6F99458E1B33DDE90053D52B /* SpringView.swift in Sources */ = {isa = PBXBuildFile; fileRef = 6F9945711B33DDE90053D52B /* SpringView.swift */; };
		6F99458F1B33DDE90053D52B /* TransitionManager.swift in Sources */ = {isa = PBXBuildFile; fileRef = 6F9945721B33DDE90053D52B /* TransitionManager.swift */; };
		6F9945901B33DDE90053D52B /* TransitionZoom.swift in Sources */ = {isa = PBXBuildFile; fileRef = 6F9945731B33DDE90053D52B /* TransitionZoom.swift */; };
		6F9945911B33DDE90053D52B /* UnwindSegue.swift in Sources */ = {isa = PBXBuildFile; fileRef = 6F9945741B33DDE90053D52B /* UnwindSegue.swift */; };
		6F9945931B33E1BC0053D52B /* kenkyusitsu.jpg in Resources */ = {isa = PBXBuildFile; fileRef = 6F9945921B33E1BC0053D52B /* kenkyusitsu.jpg */; };
		6FE6F2BE1B34EAB200C9F579 /* imgviewf.jpeg in Resources */ = {isa = PBXBuildFile; fileRef = 6FE6F2BD1B34EAB200C9F579 /* imgviewf.jpeg */; };
/* End PBXBuildFile section */

/* Begin PBXContainerItemProxy section */
		6F99453B1B3170F90053D52B /* PBXContainerItemProxy */ = {
			isa = PBXContainerItemProxy;
			containerPortal = 6F99451A1B3170F90053D52B /* Project object */;
			proxyType = 1;
			remoteGlobalIDString = 6F9945211B3170F90053D52B;
			remoteInfo = self_promotion;
		};
/* End PBXContainerItemProxy section */

/* Begin PBXFileReference section */
		6F63A2C01B35179B00C578DF /* WebViewController.swift */ = {isa = PBXFileReference; fileEncoding = 4; lastKnownFileType = sourcecode.swift; path = WebViewController.swift; sourceTree = "<group>"; };
		6F9945221B3170F90053D52B /* self_promotion.app */ = {isa = PBXFileReference; explicitFileType = wrapper.application; includeInIndex = 0; path = self_promotion.app; sourceTree = BUILT_PRODUCTS_DIR; };
		6F9945261B3170F90053D52B /* Info.plist */ = {isa = PBXFileReference; lastKnownFileType = text.plist.xml; path = Info.plist; sourceTree = "<group>"; };
		6F9945271B3170F90053D52B /* AppDelegate.swift */ = {isa = PBXFileReference; lastKnownFileType = sourcecode.swift; path = AppDelegate.swift; sourceTree = "<group>"; };
		6F99452A1B3170F90053D52B /* self_promotion.xcdatamodel */ = {isa = PBXFileReference; lastKnownFileType = wrapper.xcdatamodel; path = self_promotion.xcdatamodel; sourceTree = "<group>"; };
		6F99452C1B3170F90053D52B /* ViewController.swift */ = {isa = PBXFileReference; lastKnownFileType = sourcecode.swift; path = ViewController.swift; sourceTree = "<group>"; };
		6F99452F1B3170F90053D52B /* Base */ = {isa = PBXFileReference; lastKnownFileType = file.storyboard; name = Base; path = Base.lproj/Main.storyboard; sourceTree = "<group>"; };
		6F9945311B3170F90053D52B /* Images.xcassets */ = {isa = PBXFileReference; lastKnownFileType = folder.assetcatalog; path = Images.xcassets; sourceTree = "<group>"; };
		6F9945341B3170F90053D52B /* Base */ = {isa = PBXFileReference; lastKnownFileType = file.xib; name = Base; path = Base.lproj/LaunchScreen.xib; sourceTree = "<group>"; };
		6F99453A1B3170F90053D52B /* self_promotionTests.xctest */ = {isa = PBXFileReference; explicitFileType = wrapper.cfbundle; includeInIndex = 0; path = self_promotionTests.xctest; sourceTree = BUILT_PRODUCTS_DIR; };
		6F99453F1B3170F90053D52B /* Info.plist */ = {isa = PBXFileReference; lastKnownFileType = text.plist.xml; path = Info.plist; sourceTree = "<group>"; };
		6F9945401B3170F90053D52B /* self_promotionTests.swift */ = {isa = PBXFileReference; lastKnownFileType = sourcecode.swift; path = self_promotionTests.swift; sourceTree = "<group>"; };
		6F99454A1B32564A0053D52B /* kssweetheavycalligraphy.ttf */ = {isa = PBXFileReference; lastKnownFileType = file; path = kssweetheavycalligraphy.ttf; sourceTree = "<group>"; };
		6F99454C1B32565C0053D52B /* nicomoji-plus_v0.9.ttf */ = {isa = PBXFileReference; lastKnownFileType = file; path = "nicomoji-plus_v0.9.ttf"; sourceTree = "<group>"; };
		6F99454E1B3262100053D52B /* koshiba.jpg */ = {isa = PBXFileReference; lastKnownFileType = image.jpeg; path = koshiba.jpg; sourceTree = "<group>"; };
		6F9945501B33A93F0053D52B /* font_1_honokamarugo_1.1.ttf */ = {isa = PBXFileReference; lastKnownFileType = file; path = font_1_honokamarugo_1.1.ttf; sourceTree = "<group>"; };
		6F9945521B33B8E00053D52B /* lit1.jpg */ = {isa = PBXFileReference; lastKnownFileType = image.jpeg; path = lit1.jpg; sourceTree = "<group>"; };
		6F9945541B33C59F0053D52B /* AromaShooterWhite.png */ = {isa = PBXFileReference; lastKnownFileType = image.png; path = AromaShooterWhite.png; sourceTree = "<group>"; };
		6F9945571B33DDE90053D52B /* AsyncButton.swift */ = {isa = PBXFileReference; fileEncoding = 4; lastKnownFileType = sourcecode.swift; path = AsyncButton.swift; sourceTree = "<group>"; };
		6F9945581B33DDE90053D52B /* AsyncImageView.swift */ = {isa = PBXFileReference; fileEncoding = 4; lastKnownFileType = sourcecode.swift; path = AsyncImageView.swift; sourceTree = "<group>"; };
		6F9945591B33DDE90053D52B /* AutoTextView.swift */ = {isa = PBXFileReference; fileEncoding = 4; lastKnownFileType = sourcecode.swift; path = AutoTextView.swift; sourceTree = "<group>"; };
		6F99455A1B33DDE90053D52B /* BlurView.swift */ = {isa = PBXFileReference; fileEncoding = 4; lastKnownFileType = sourcecode.swift; path = BlurView.swift; sourceTree = "<group>"; };
		6F99455B1B33DDE90053D52B /* DesignableButton.swift */ = {isa = PBXFileReference; fileEncoding = 4; lastKnownFileType = sourcecode.swift; path = DesignableButton.swift; sourceTree = "<group>"; };
		6F99455C1B33DDE90053D52B /* DesignableImageView.swift */ = {isa = PBXFileReference; fileEncoding = 4; lastKnownFileType = sourcecode.swift; path = DesignableImageView.swift; sourceTree = "<group>"; };
		6F99455D1B33DDE90053D52B /* DesignableLabel.swift */ = {isa = PBXFileReference; fileEncoding = 4; lastKnownFileType = sourcecode.swift; path = DesignableLabel.swift; sourceTree = "<group>"; };
		6F99455E1B33DDE90053D52B /* DesignableTabBarController.swift */ = {isa = PBXFileReference; fileEncoding = 4; lastKnownFileType = sourcecode.swift; path = DesignableTabBarController.swift; sourceTree = "<group>"; };
		6F99455F1B33DDE90053D52B /* DesignableTextField.swift */ = {isa = PBXFileReference; fileEncoding = 4; lastKnownFileType = sourcecode.swift; path = DesignableTextField.swift; sourceTree = "<group>"; };
		6F9945601B33DDE90053D52B /* DesignableTextView.swift */ = {isa = PBXFileReference; fileEncoding = 4; lastKnownFileType = sourcecode.swift; path = DesignableTextView.swift; sourceTree = "<group>"; };
		6F9945611B33DDE90053D52B /* DesignableView.swift */ = {isa = PBXFileReference; fileEncoding = 4; lastKnownFileType = sourcecode.swift; path = DesignableView.swift; sourceTree = "<group>"; };
		6F9945621B33DDE90053D52B /* ImageLoader.swift */ = {isa = PBXFileReference; fileEncoding = 4; lastKnownFileType = sourcecode.swift; path = ImageLoader.swift; sourceTree = "<group>"; };
		6F9945631B33DDE90053D52B /* Info.plist */ = {isa = PBXFileReference; fileEncoding = 4; lastKnownFileType = text.plist.xml; path = Info.plist; sourceTree = "<group>"; };
		6F9945641B33DDE90053D52B /* KeyboardLayoutConstraint.swift */ = {isa = PBXFileReference; fileEncoding = 4; lastKnownFileType = sourcecode.swift; path = KeyboardLayoutConstraint.swift; sourceTree = "<group>"; };
		6F9945651B33DDE90053D52B /* LoadingView.swift */ = {isa = PBXFileReference; fileEncoding = 4; lastKnownFileType = sourcecode.swift; path = LoadingView.swift; sourceTree = "<group>"; };
		6F9945661B33DDE90053D52B /* LoadingView.xib */ = {isa = PBXFileReference; fileEncoding = 4; lastKnownFileType = file.xib; path = LoadingView.xib; sourceTree = "<group>"; };
		6F9945671B33DDE90053D52B /* Misc.swift */ = {isa = PBXFileReference; fileEncoding = 4; lastKnownFileType = sourcecode.swift; path = Misc.swift; sourceTree = "<group>"; };
		6F9945681B33DDE90053D52B /* SoundPlayer.swift */ = {isa = PBXFileReference; fileEncoding = 4; lastKnownFileType = sourcecode.swift; path = SoundPlayer.swift; sourceTree = "<group>"; };
		6F9945691B33DDE90053D52B /* Spring.h */ = {isa = PBXFileReference; fileEncoding = 4; lastKnownFileType = sourcecode.c.h; path = Spring.h; sourceTree = "<group>"; };
		6F99456A1B33DDE90053D52B /* Spring.swift */ = {isa = PBXFileReference; fileEncoding = 4; lastKnownFileType = sourcecode.swift; path = Spring.swift; sourceTree = "<group>"; };
		6F99456B1B33DDE90053D52B /* SpringAnimation.swift */ = {isa = PBXFileReference; fileEncoding = 4; lastKnownFileType = sourcecode.swift; path = SpringAnimation.swift; sourceTree = "<group>"; };
		6F99456C1B33DDE90053D52B /* SpringButton.swift */ = {isa = PBXFileReference; fileEncoding = 4; lastKnownFileType = sourcecode.swift; path = SpringButton.swift; sourceTree = "<group>"; };
		6F99456D1B33DDE90053D52B /* SpringImageView.swift */ = {isa = PBXFileReference; fileEncoding = 4; lastKnownFileType = sourcecode.swift; path = SpringImageView.swift; sourceTree = "<group>"; };
		6F99456E1B33DDE90053D52B /* SpringLabel.swift */ = {isa = PBXFileReference; fileEncoding = 4; lastKnownFileType = sourcecode.swift; path = SpringLabel.swift; sourceTree = "<group>"; };
		6F99456F1B33DDE90053D52B /* SpringTextField.swift */ = {isa = PBXFileReference; fileEncoding = 4; lastKnownFileType = sourcecode.swift; path = SpringTextField.swift; sourceTree = "<group>"; };
		6F9945701B33DDE90053D52B /* SpringTextView.swift */ = {isa = PBXFileReference; fileEncoding = 4; lastKnownFileType = sourcecode.swift; path = SpringTextView.swift; sourceTree = "<group>"; };
		6F9945711B33DDE90053D52B /* SpringView.swift */ = {isa = PBXFileReference; fileEncoding = 4; lastKnownFileType = sourcecode.swift; path = SpringView.swift; sourceTree = "<group>"; };
		6F9945721B33DDE90053D52B /* TransitionManager.swift */ = {isa = PBXFileReference; fileEncoding = 4; lastKnownFileType = sourcecode.swift; path = TransitionManager.swift; sourceTree = "<group>"; };
		6F9945731B33DDE90053D52B /* TransitionZoom.swift */ = {isa = PBXFileReference; fileEncoding = 4; lastKnownFileType = sourcecode.swift; path = TransitionZoom.swift; sourceTree = "<group>"; };
		6F9945741B33DDE90053D52B /* UnwindSegue.swift */ = {isa = PBXFileReference; fileEncoding = 4; lastKnownFileType = sourcecode.swift; path = UnwindSegue.swift; sourceTree = "<group>"; };
		6F9945921B33E1BC0053D52B /* kenkyusitsu.jpg */ = {isa = PBXFileReference; lastKnownFileType = image.jpeg; path = kenkyusitsu.jpg; sourceTree = "<group>"; };
		6FE6F2BD1B34EAB200C9F579 /* imgviewf.jpeg */ = {isa = PBXFileReference; lastKnownFileType = image.jpeg; path = imgviewf.jpeg; sourceTree = "<group>"; };
/* End PBXFileReference section */

/* Begin PBXFrameworksBuildPhase section */
		6F99451F1B3170F90053D52B /* Frameworks */ = {
			isa = PBXFrameworksBuildPhase;
			buildActionMask = 2147483647;
			files = (
			);
			runOnlyForDeploymentPostprocessing = 0;
		};
		6F9945371B3170F90053D52B /* Frameworks */ = {
			isa = PBXFrameworksBuildPhase;
			buildActionMask = 2147483647;
			files = (
			);
			runOnlyForDeploymentPostprocessing = 0;
		};
/* End PBXFrameworksBuildPhase section */

/* Begin PBXGroup section */
		6F9945191B3170F90053D52B = {
			isa = PBXGroup;
			children = (
				6F9945241B3170F90053D52B /* self_promotion */,
				6F99453D1B3170F90053D52B /* self_promotionTests */,
				6F9945231B3170F90053D52B /* Products */,
			);
			sourceTree = "<group>";
		};
		6F9945231B3170F90053D52B /* Products */ = {
			isa = PBXGroup;
			children = (
				6F9945221B3170F90053D52B /* self_promotion.app */,
				6F99453A1B3170F90053D52B /* self_promotionTests.xctest */,
			);
			name = Products;
			sourceTree = "<group>";
		};
		6F9945241B3170F90053D52B /* self_promotion */ = {
			isa = PBXGroup;
			children = (
				6FE6F2BD1B34EAB200C9F579 /* imgviewf.jpeg */,
				6F9945921B33E1BC0053D52B /* kenkyusitsu.jpg */,
				6F9945561B33DDE90053D52B /* Spring */,
				6F9945541B33C59F0053D52B /* AromaShooterWhite.png */,
				6F9945521B33B8E00053D52B /* lit1.jpg */,
				6F9945501B33A93F0053D52B /* font_1_honokamarugo_1.1.ttf */,
				6F99454E1B3262100053D52B /* koshiba.jpg */,
				6F99454C1B32565C0053D52B /* nicomoji-plus_v0.9.ttf */,
				6F99454A1B32564A0053D52B /* kssweetheavycalligraphy.ttf */,
				6F9945271B3170F90053D52B /* AppDelegate.swift */,
				6F99452C1B3170F90053D52B /* ViewController.swift */,
				6F63A2C01B35179B00C578DF /* WebViewController.swift */,
				6F99452E1B3170F90053D52B /* Main.storyboard */,
				6F9945311B3170F90053D52B /* Images.xcassets */,
				6F9945331B3170F90053D52B /* LaunchScreen.xib */,
				6F9945291B3170F90053D52B /* self_promotion.xcdatamodeld */,
				6F9945251B3170F90053D52B /* Supporting Files */,
			);
			path = self_promotion;
			sourceTree = "<group>";
		};
		6F9945251B3170F90053D52B /* Supporting Files */ = {
			isa = PBXGroup;
			children = (
				6F9945261B3170F90053D52B /* Info.plist */,
			);
			name = "Supporting Files";
			sourceTree = "<group>";
		};
		6F99453D1B3170F90053D52B /* self_promotionTests */ = {
			isa = PBXGroup;
			children = (
				6F9945401B3170F90053D52B /* self_promotionTests.swift */,
				6F99453E1B3170F90053D52B /* Supporting Files */,
			);
			path = self_promotionTests;
			sourceTree = "<group>";
		};
		6F99453E1B3170F90053D52B /* Supporting Files */ = {
			isa = PBXGroup;
			children = (
				6F99453F1B3170F90053D52B /* Info.plist */,
			);
			name = "Supporting Files";
			sourceTree = "<group>";
		};
		6F9945561B33DDE90053D52B /* Spring */ = {
			isa = PBXGroup;
			children = (
				6F9945571B33DDE90053D52B /* AsyncButton.swift */,
				6F9945581B33DDE90053D52B /* AsyncImageView.swift */,
				6F9945591B33DDE90053D52B /* AutoTextView.swift */,
				6F99455A1B33DDE90053D52B /* BlurView.swift */,
				6F99455B1B33DDE90053D52B /* DesignableButton.swift */,
				6F99455C1B33DDE90053D52B /* DesignableImageView.swift */,
				6F99455D1B33DDE90053D52B /* DesignableLabel.swift */,
				6F99455E1B33DDE90053D52B /* DesignableTabBarController.swift */,
				6F99455F1B33DDE90053D52B /* DesignableTextField.swift */,
				6F9945601B33DDE90053D52B /* DesignableTextView.swift */,
				6F9945611B33DDE90053D52B /* DesignableView.swift */,
				6F9945621B33DDE90053D52B /* ImageLoader.swift */,
				6F9945631B33DDE90053D52B /* Info.plist */,
				6F9945641B33DDE90053D52B /* KeyboardLayoutConstraint.swift */,
				6F9945651B33DDE90053D52B /* LoadingView.swift */,
				6F9945661B33DDE90053D52B /* LoadingView.xib */,
				6F9945671B33DDE90053D52B /* Misc.swift */,
				6F9945681B33DDE90053D52B /* SoundPlayer.swift */,
				6F9945691B33DDE90053D52B /* Spring.h */,
				6F99456A1B33DDE90053D52B /* Spring.swift */,
				6F99456B1B33DDE90053D52B /* SpringAnimation.swift */,
				6F99456C1B33DDE90053D52B /* SpringButton.swift */,
				6F99456D1B33DDE90053D52B /* SpringImageView.swift */,
				6F99456E1B33DDE90053D52B /* SpringLabel.swift */,
				6F99456F1B33DDE90053D52B /* SpringTextField.swift */,
				6F9945701B33DDE90053D52B /* SpringTextView.swift */,
				6F9945711B33DDE90053D52B /* SpringView.swift */,
				6F9945721B33DDE90053D52B /* TransitionManager.swift */,
				6F9945731B33DDE90053D52B /* TransitionZoom.swift */,
				6F9945741B33DDE90053D52B /* UnwindSegue.swift */,
			);
			path = Spring;
			sourceTree = "<group>";
		};
/* End PBXGroup section */

/* Begin PBXNativeTarget section */
		6F9945211B3170F90053D52B /* self_promotion */ = {
			isa = PBXNativeTarget;
			buildConfigurationList = 6F9945441B3170F90053D52B /* Build configuration list for PBXNativeTarget "self_promotion" */;
			buildPhases = (
				6F99451E1B3170F90053D52B /* Sources */,
				6F99451F1B3170F90053D52B /* Frameworks */,
				6F9945201B3170F90053D52B /* Resources */,
			);
			buildRules = (
			);
			dependencies = (
			);
			name = self_promotion;
			productName = self_promotion;
			productReference = 6F9945221B3170F90053D52B /* self_promotion.app */;
			productType = "com.apple.product-type.application";
		};
		6F9945391B3170F90053D52B /* self_promotionTests */ = {
			isa = PBXNativeTarget;
			buildConfigurationList = 6F9945471B3170F90053D52B /* Build configuration list for PBXNativeTarget "self_promotionTests" */;
			buildPhases = (
				6F9945361B3170F90053D52B /* Sources */,
				6F9945371B3170F90053D52B /* Frameworks */,
				6F9945381B3170F90053D52B /* Resources */,
			);
			buildRules = (
			);
			dependencies = (
				6F99453C1B3170F90053D52B /* PBXTargetDependency */,
			);
			name = self_promotionTests;
			productName = self_promotionTests;
			productReference = 6F99453A1B3170F90053D52B /* self_promotionTests.xctest */;
			productType = "com.apple.product-type.bundle.unit-test";
		};
/* End PBXNativeTarget section */

/* Begin PBXProject section */
		6F99451A1B3170F90053D52B /* Project object */ = {
			isa = PBXProject;
			attributes = {
				LastUpgradeCheck = 0630;
				ORGANIZATIONNAME = "ryota-ko";
				TargetAttributes = {
					6F9945211B3170F90053D52B = {
						CreatedOnToolsVersion = 6.3.1;
						DevelopmentTeam = YC69FPVLLN;
					};
					6F9945391B3170F90053D52B = {
						CreatedOnToolsVersion = 6.3.1;
						TestTargetID = 6F9945211B3170F90053D52B;
					};
				};
			};
			buildConfigurationList = 6F99451D1B3170F90053D52B /* Build configuration list for PBXProject "self_promotion" */;
			compatibilityVersion = "Xcode 3.2";
			developmentRegion = English;
			hasScannedForEncodings = 0;
			knownRegions = (
				en,
				Base,
			);
			mainGroup = 6F9945191B3170F90053D52B;
			productRefGroup = 6F9945231B3170F90053D52B /* Products */;
			projectDirPath = "";
			projectRoot = "";
			targets = (
				6F9945211B3170F90053D52B /* self_promotion */,
				6F9945391B3170F90053D52B /* self_promotionTests */,
			);
		};
/* End PBXProject section */

/* Begin PBXResourcesBuildPhase section */
		6F9945201B3170F90053D52B /* Resources */ = {
			isa = PBXResourcesBuildPhase;
			buildActionMask = 2147483647;
			files = (
				6F9945301B3170F90053D52B /* Main.storyboard in Resources */,
				6F9945531B33B8E00053D52B /* lit1.jpg in Resources */,
				6F99454F1B3262100053D52B /* koshiba.jpg in Resources */,
				6F9945511B33A93F0053D52B /* font_1_honokamarugo_1.1.ttf in Resources */,
				6F99454D1B32565C0053D52B /* nicomoji-plus_v0.9.ttf in Resources */,
				6F9945931B33E1BC0053D52B /* kenkyusitsu.jpg in Resources */,
				6F9945351B3170F90053D52B /* LaunchScreen.xib in Resources */,
				6F99454B1B32564A0053D52B /* kssweetheavycalligraphy.ttf in Resources */,
				6F9945321B3170F90053D52B /* Images.xcassets in Resources */,
				6F9945811B33DDE90053D52B /* Info.plist in Resources */,
				6FE6F2BE1B34EAB200C9F579 /* imgviewf.jpeg in Resources */,
				6F9945841B33DDE90053D52B /* LoadingView.xib in Resources */,
				6F9945551B33C59F0053D52B /* AromaShooterWhite.png in Resources */,
			);
			runOnlyForDeploymentPostprocessing = 0;
		};
		6F9945381B3170F90053D52B /* Resources */ = {
			isa = PBXResourcesBuildPhase;
			buildActionMask = 2147483647;
			files = (
			);
			runOnlyForDeploymentPostprocessing = 0;
		};
/* End PBXResourcesBuildPhase section */

/* Begin PBXSourcesBuildPhase section */
		6F99451E1B3170F90053D52B /* Sources */ = {
			isa = PBXSourcesBuildPhase;
			buildActionMask = 2147483647;
			files = (
				6F99457B1B33DDE90053D52B /* DesignableLabel.swift in Sources */,
				6F99458A1B33DDE90053D52B /* SpringImageView.swift in Sources */,
				6F9945771B33DDE90053D52B /* AutoTextView.swift in Sources */,
				6F9945801B33DDE90053D52B /* ImageLoader.swift in Sources */,
				6F9945851B33DDE90053D52B /* Misc.swift in Sources */,
				6F9945781B33DDE90053D52B /* BlurView.swift in Sources */,
				6F9945911B33DDE90053D52B /* UnwindSegue.swift in Sources */,
				6F9945831B33DDE90053D52B /* LoadingView.swift in Sources */,
				6F99458C1B33DDE90053D52B /* SpringTextField.swift in Sources */,
				6F9945871B33DDE90053D52B /* Spring.swift in Sources */,
				6F99452D1B3170F90053D52B /* ViewController.swift in Sources */,
				6F9945861B33DDE90053D52B /* SoundPlayer.swift in Sources */,
				6F99457F1B33DDE90053D52B /* DesignableView.swift in Sources */,
				6F99457C1B33DDE90053D52B /* DesignableTabBarController.swift in Sources */,
				6F9945791B33DDE90053D52B /* DesignableButton.swift in Sources */,
				6F9945281B3170F90053D52B /* AppDelegate.swift in Sources */,
				6F9945901B33DDE90053D52B /* TransitionZoom.swift in Sources */,
				6F99457D1B33DDE90053D52B /* DesignableTextField.swift in Sources */,
				6F99458F1B33DDE90053D52B /* TransitionManager.swift in Sources */,
				6F99458B1B33DDE90053D52B /* SpringLabel.swift in Sources */,
				6F9945751B33DDE90053D52B /* AsyncButton.swift in Sources */,
				6F9945761B33DDE90053D52B /* AsyncImageView.swift in Sources */,
				6F99457E1B33DDE90053D52B /* DesignableTextView.swift in Sources */,
				6F99458E1B33DDE90053D52B /* SpringView.swift in Sources */,
				6F99458D1B33DDE90053D52B /* SpringTextView.swift in Sources */,
				6F9945821B33DDE90053D52B /* KeyboardLayoutConstraint.swift in Sources */,
				6F9945891B33DDE90053D52B /* SpringButton.swift in Sources */,
				6F9945881B33DDE90053D52B /* SpringAnimation.swift in Sources */,
				6F63A2C11B35179B00C578DF /* WebViewController.swift in Sources */,
				6F99457A1B33DDE90053D52B /* DesignableImageView.swift in Sources */,
				6F99452B1B3170F90053D52B /* self_promotion.xcdatamodeld in Sources */,
			);
			runOnlyForDeploymentPostprocessing = 0;
		};
		6F9945361B3170F90053D52B /* Sources */ = {
			isa = PBXSourcesBuildPhase;
			buildActionMask = 2147483647;
			files = (
				6F9945411B3170F90053D52B /* self_promotionTests.swift in Sources */,
			);
			runOnlyForDeploymentPostprocessing = 0;
		};
/* End PBXSourcesBuildPhase section */

/* Begin PBXTargetDependency section */
		6F99453C1B3170F90053D52B /* PBXTargetDependency */ = {
			isa = PBXTargetDependency;
			target = 6F9945211B3170F90053D52B /* self_promotion */;
			targetProxy = 6F99453B1B3170F90053D52B /* PBXContainerItemProxy */;
		};
/* End PBXTargetDependency section */

/* Begin PBXVariantGroup section */
		6F99452E1B3170F90053D52B /* Main.storyboard */ = {
			isa = PBXVariantGroup;
			children = (
				6F99452F1B3170F90053D52B /* Base */,
			);
			name = Main.storyboard;
			sourceTree = "<group>";
		};
		6F9945331B3170F90053D52B /* LaunchScreen.xib */ = {
			isa = PBXVariantGroup;
			children = (
				6F9945341B3170F90053D52B /* Base */,
			);
			name = LaunchScreen.xib;
			sourceTree = "<group>";
		};
/* End PBXVariantGroup section */

/* Begin XCBuildConfiguration section */
		6F9945421B3170F90053D52B /* Debug */ = {
			isa = XCBuildConfiguration;
			buildSettings = {
				ALWAYS_SEARCH_USER_PATHS = NO;
				CLANG_CXX_LANGUAGE_STANDARD = "gnu++0x";
				CLANG_CXX_LIBRARY = "libc++";
				CLANG_ENABLE_MODULES = YES;
				CLANG_ENABLE_OBJC_ARC = YES;
				CLANG_WARN_BOOL_CONVERSION = YES;
				CLANG_WARN_CONSTANT_CONVERSION = YES;
				CLANG_WARN_DIRECT_OBJC_ISA_USAGE = YES_ERROR;
				CLANG_WARN_EMPTY_BODY = YES;
				CLANG_WARN_ENUM_CONVERSION = YES;
				CLANG_WARN_INT_CONVERSION = YES;
				CLANG_WARN_OBJC_ROOT_CLASS = YES_ERROR;
				CLANG_WARN_UNREACHABLE_CODE = YES;
				CLANG_WARN__DUPLICATE_METHOD_MATCH = YES;
				"CODE_SIGN_IDENTITY[sdk=iphoneos*]" = "iPhone Developer";
				COPY_PHASE_STRIP = NO;
				DEBUG_INFORMATION_FORMAT = "dwarf-with-dsym";
				ENABLE_STRICT_OBJC_MSGSEND = YES;
				GCC_C_LANGUAGE_STANDARD = gnu99;
				GCC_DYNAMIC_NO_PIC = NO;
				GCC_NO_COMMON_BLOCKS = YES;
				GCC_OPTIMIZATION_LEVEL = 0;
				GCC_PREPROCESSOR_DEFINITIONS = (
					"DEBUG=1",
					"$(inherited)",
				);
				GCC_SYMBOLS_PRIVATE_EXTERN = NO;
				GCC_WARN_64_TO_32_BIT_CONVERSION = YES;
				GCC_WARN_ABOUT_RETURN_TYPE = YES_ERROR;
				GCC_WARN_UNDECLARED_SELECTOR = YES;
				GCC_WARN_UNINITIALIZED_AUTOS = YES_AGGRESSIVE;
				GCC_WARN_UNUSED_FUNCTION = YES;
				GCC_WARN_UNUSED_VARIABLE = YES;
				IPHONEOS_DEPLOYMENT_TARGET = 8.3;
				MTL_ENABLE_DEBUG_INFO = YES;
				ONLY_ACTIVE_ARCH = YES;
				SDKROOT = iphoneos;
				SWIFT_OPTIMIZATION_LEVEL = "-Onone";
				TARGETED_DEVICE_FAMILY = "1,2";
			};
			name = Debug;
		};
		6F9945431B3170F90053D52B /* Release */ = {
			isa = XCBuildConfiguration;
			buildSettings = {
				ALWAYS_SEARCH_USER_PATHS = NO;
				CLANG_CXX_LANGUAGE_STANDARD = "gnu++0x";
				CLANG_CXX_LIBRARY = "libc++";
				CLANG_ENABLE_MODULES = YES;
				CLANG_ENABLE_OBJC_ARC = YES;
				CLANG_WARN_BOOL_CONVERSION = YES;
				CLANG_WARN_CONSTANT_CONVERSION = YES;
				CLANG_WARN_DIRECT_OBJC_ISA_USAGE = YES_ERROR;
				CLANG_WARN_EMPTY_BODY = YES;
				CLANG_WARN_ENUM_CONVERSION = YES;
				CLANG_WARN_INT_CONVERSION = YES;
				CLANG_WARN_OBJC_ROOT_CLASS = YES_ERROR;
				CLANG_WARN_UNREACHABLE_CODE = YES;
				CLANG_WARN__DUPLICATE_METHOD_MATCH = YES;
				"CODE_SIGN_IDENTITY[sdk=iphoneos*]" = "iPhone Developer";
				COPY_PHASE_STRIP = NO;
				DEBUG_INFORMATION_FORMAT = "dwarf-with-dsym";
				ENABLE_NS_ASSERTIONS = NO;
				ENABLE_STRICT_OBJC_MSGSEND = YES;
				GCC_C_LANGUAGE_STANDARD = gnu99;
				GCC_NO_COMMON_BLOCKS = YES;
				GCC_WARN_64_TO_32_BIT_CONVERSION = YES;
				GCC_WARN_ABOUT_RETURN_TYPE = YES_ERROR;
				GCC_WARN_UNDECLARED_SELECTOR = YES;
				GCC_WARN_UNINITIALIZED_AUTOS = YES_AGGRESSIVE;
				GCC_WARN_UNUSED_FUNCTION = YES;
				GCC_WARN_UNUSED_VARIABLE = YES;
				IPHONEOS_DEPLOYMENT_TARGET = 8.3;
				MTL_ENABLE_DEBUG_INFO = NO;
				SDKROOT = iphoneos;
				TARGETED_DEVICE_FAMILY = "1,2";
				VALIDATE_PRODUCT = YES;
			};
			name = Release;
		};
		6F9945451B3170F90053D52B /* Debug */ = {
			isa = XCBuildConfiguration;
			buildSettings = {
				ASSETCATALOG_COMPILER_APPICON_NAME = AppIcon;
				CODE_SIGN_IDENTITY = "iPhone Developer";
				"CODE_SIGN_IDENTITY[sdk=iphoneos*]" = "iPhone Developer";
				INFOPLIST_FILE = self_promotion/Info.plist;
				LD_RUNPATH_SEARCH_PATHS = "$(inherited) @executable_path/Frameworks";
				PRODUCT_NAME = "$(TARGET_NAME)";
				PROVISIONING_PROFILE = "";
			};
			name = Debug;
		};
		6F9945461B3170F90053D52B /* Release */ = {
			isa = XCBuildConfiguration;
			buildSettings = {
				ASSETCATALOG_COMPILER_APPICON_NAME = AppIcon;
				CODE_SIGN_IDENTITY = "iPhone Developer";
				"CODE_SIGN_IDENTITY[sdk=iphoneos*]" = "iPhone Developer";
				INFOPLIST_FILE = self_promotion/Info.plist;
				LD_RUNPATH_SEARCH_PATHS = "$(inherited) @executable_path/Frameworks";
				PRODUCT_NAME = "$(TARGET_NAME)";
				PROVISIONING_PROFILE = "";
			};
			name = Release;
		};
		6F9945481B3170F90053D52B /* Debug */ = {
			isa = XCBuildConfiguration;
			buildSettings = {
				BUNDLE_LOADER = "$(TEST_HOST)";
				FRAMEWORK_SEARCH_PATHS = (
					"$(SDKROOT)/Developer/Library/Frameworks",
					"$(inherited)",
				);
				GCC_PREPROCESSOR_DEFINITIONS = (
					"DEBUG=1",
					"$(inherited)",
				);
				INFOPLIST_FILE = self_promotionTests/Info.plist;
				LD_RUNPATH_SEARCH_PATHS = "$(inherited) @executable_path/Frameworks @loader_path/Frameworks";
				PRODUCT_NAME = "$(TARGET_NAME)";
				TEST_HOST = "$(BUILT_PRODUCTS_DIR)/self_promotion.app/self_promotion";
			};
			name = Debug;
		};
		6F9945491B3170F90053D52B /* Release */ = {
			isa = XCBuildConfiguration;
			buildSettings = {
				BUNDLE_LOADER = "$(TEST_HOST)";
				FRAMEWORK_SEARCH_PATHS = (
					"$(SDKROOT)/Developer/Library/Frameworks",
					"$(inherited)",
				);
				INFOPLIST_FILE = self_promotionTests/Info.plist;
				LD_RUNPATH_SEARCH_PATHS = "$(inherited) @executable_path/Frameworks @loader_path/Frameworks";
				PRODUCT_NAME = "$(TARGET_NAME)";
				TEST_HOST = "$(BUILT_PRODUCTS_DIR)/self_promotion.app/self_promotion";
			};
			name = Release;
		};
/* End XCBuildConfiguration section */

/* Begin XCConfigurationList section */
		6F99451D1B3170F90053D52B /* Build configuration list for PBXProject "self_promotion" */ = {
			isa = XCConfigurationList;
			buildConfigurations = (
				6F9945421B3170F90053D52B /* Debug */,
				6F9945431B3170F90053D52B /* Release */,
			);
			defaultConfigurationIsVisible = 0;
			defaultConfigurationName = Release;
		};
		6F9945441B3170F90053D52B /* Build configuration list for PBXNativeTarget "self_promotion" */ = {
			isa = XCConfigurationList;
			buildConfigurations = (
				6F9945451B3170F90053D52B /* Debug */,
				6F9945461B3170F90053D52B /* Release */,
			);
			defaultConfigurationIsVisible = 0;
			defaultConfigurationName = Release;
		};
		6F9945471B3170F90053D52B /* Build configuration list for PBXNativeTarget "self_promotionTests" */ = {
			isa = XCConfigurationList;
			buildConfigurations = (
				6F9945481B3170F90053D52B /* Debug */,
				6F9945491B3170F90053D52B /* Release */,
			);
			defaultConfigurationIsVisible = 0;
			defaultConfigurationName = Release;
		};
/* End XCConfigurationList section */

/* Begin XCVersionGroup section */
		6F9945291B3170F90053D52B /* self_promotion.xcdatamodeld */ = {
			isa = XCVersionGroup;
			children = (
				6F99452A1B3170F90053D52B /* self_promotion.xcdatamodel */,
			);
			currentVersion = 6F99452A1B3170F90053D52B /* self_promotion.xcdatamodel */;
			path = self_promotion.xcdatamodeld;
			sourceTree = "<group>";
			versionGroupType = wrapper.xcdatamodel;
		};
/* End XCVersionGroup section */
	};
	rootObject = 6F99451A1B3170F90053D52B /* Project object */;
}
